
Microsoft Visual Studio Solution File, Format Version 12.00
# Visual Studio 15
Project("{FAE04EC0-301F-11D3-BF4B-00C04F79EFBC}") = "UnityEngine.TestRunner", "UnityEngine.TestRunner.csproj", "{58AA6987-698D-6D54-46BA-74DD7D7C932D}"
EndProject
Project("{FAE04EC0-301F-11D3-BF4B-00C04F79EFBC}") = "Unity.Mathematics", "Unity.Mathematics.csproj", "{5F2971E6-F258-8244-12C4-EC25248B2B48}"
EndProject
Project("{FAE04EC0-301F-11D3-BF4B-00C04F79EFBC}") = "Unity.2D.Animation.Triangle.Runtime", "Unity.2D.Animation.Triangle.Runtime.csproj", "{DE597ECF-93B1-8801-8C91-F8062933DC25}"
EndProject
Project("{FAE04EC0-301F-11D3-BF4B-00C04F79EFBC}") = "Unity.Timeline", "Unity.Timeline.csproj", "{A94F0428-07AB-364C-A9F9-DE7EB359250F}"
EndProject
Project("{FAE04EC0-301F-11D3-BF4B-00C04F79EFBC}") = "UnityEngine.UI", "UnityEngine.UI.csproj", "{8CC686A9-B300-1ACD-C88A-5506D48FB250}"
EndProject
Project("{FAE04EC0-301F-11D3-BF4B-00C04F79EFBC}") = "Unity.TextMeshPro", "Unity.TextMeshPro.csproj", "{CA848162-FE10-00BA-75FD-AE456F989C76}"
EndProject
Project("{FAE04EC0-301F-11D3-BF4B-00C04F79EFBC}") = "Assembly-CSharp", "Assembly-CSharp.csproj", "{80EE42B0-A51F-9300-C15E-28378AEFEB0A}"
EndProject
Project("{FAE04EC0-301F-11D3-BF4B-00C04F79EFBC}") = "Unity.2D.Animation.Runtime", "Unity.2D.Animation.Runtime.csproj", "{3ABB0535-3671-EF30-D9A3-AF581C45EC01}"
EndProject
Project("{FAE04EC0-301F-11D3-BF4B-00C04F79EFBC}") = "Unity.2D.IK.Runtime", "Unity.2D.IK.Runtime.csproj", "{9F7CBEC3-981D-28E6-960E-41539A327C64}"
EndProject
Project("{FAE04EC0-301F-11D3-BF4B-00C04F79EFBC}") = "Unity.2D.SpriteShape.Runtime", "Unity.2D.SpriteShape.Runtime.csproj", "{DD66508F-612C-D0FA-ADBB-50ABB0340139}"
EndProject
Project("{FAE04EC0-301F-11D3-BF4B-00C04F79EFBC}") = "Unity.2D.PixelPerfect", "Unity.2D.PixelPerfect.csproj", "{1241DEC0-209C-BC05-D504-FB12F5497B41}"
EndProject
Project("{FAE04EC0-301F-11D3-BF4B-00C04F79EFBC}") = "Unity.2D.Common.Runtime", "Unity.2D.Common.Runtime.csproj", "{91CAA83F-4EDF-4BE3-A505-067EE122086C}"
EndProject
Project("{FAE04EC0-301F-11D3-BF4B-00C04F79EFBC}") = "Unity.InternalAPIEngineBridge.001", "Unity.InternalAPIEngineBridge.001.csproj", "{AD815C43-528E-83DB-0908-3F0986BDAD1B}"
EndProject
Project("{FAE04EC0-301F-11D3-BF4B-00C04F79EFBC}") = "UnityEditor.TestRunner", "UnityEditor.TestRunner.csproj", "{34A0C6EC-FCE0-C866-F845-96DC0B5999C5}"
EndProject
Project("{FAE04EC0-301F-11D3-BF4B-00C04F79EFBC}") = "Unity.PlasticSCM.Editor", "Unity.PlasticSCM.Editor.csproj", "{CCB573E9-FC5B-6FC5-895D-168312BC214D}"
EndProject
Project("{FAE04EC0-301F-11D3-BF4B-00C04F79EFBC}") = "UnityEditor.UI", "UnityEditor.UI.csproj", "{390826C6-25E2-59EA-5020-7B766B63B3F6}"
EndProject
Project("{FAE04EC0-301F-11D3-BF4B-00C04F79EFBC}") = "Unity.Services.Core.Editor", "Unity.Services.Core.Editor.csproj", "{A8868F39-6489-35E0-7BE5-0A579A654163}"
EndProject
Project("{FAE04EC0-301F-11D3-BF4B-00C04F79EFBC}") = "Unity.Timeline.Editor", "Unity.Timeline.Editor.csproj", "{AA8BEB80-12A0-00CD-E523-320362AD50FC}"
EndProject
Project("{FAE04EC0-301F-11D3-BF4B-00C04F79EFBC}") = "Unity.VisualStudio.Editor", "Unity.VisualStudio.Editor.csproj", "{FDD08736-D79E-99C6-0AB7-BEB4F2C9CF4C}"
EndProject
Project("{FAE04EC0-301F-11D3-BF4B-00C04F79EFBC}") = "Unity.2D.Psdimporter.Editor", "Unity.2D.Psdimporter.Editor.csproj", "{F2B70450-D14C-9105-5285-91DB0A2A451A}"
EndProject
Project("{FAE04EC0-301F-11D3-BF4B-00C04F79EFBC}") = "Unity.2D.Animation.Editor", "Unity.2D.Animation.Editor.csproj", "{1443E8B7-B394-05DB-4E58-6974181A805E}"
EndProject
Project("{FAE04EC0-301F-11D3-BF4B-00C04F79EFBC}") = "Unity.TextMeshPro.Editor", "Unity.TextMeshPro.Editor.csproj", "{EE9FE64D-49C4-BD64-ADD9-51D1073F0A6C}"
EndProject
Project("{FAE04EC0-301F-11D3-BF4B-00C04F79EFBC}") = "Unity.2D.SpriteShape.Editor", "Unity.2D.SpriteShape.Editor.csproj", "{C2942F63-B904-B41D-1B5B-85F029923B2B}"
EndProject
Project("{FAE04EC0-301F-11D3-BF4B-00C04F79EFBC}") = "Unity.CollabProxy.Editor", "Unity.CollabProxy.Editor.csproj", "{0B009EAF-3FAA-7F6E-00F8-A1DB5C460430}"
EndProject
Project("{FAE04EC0-301F-11D3-BF4B-00C04F79EFBC}") = "PsdPlugin", "PsdPlugin.csproj", "{2A6E2844-8C21-054E-6843-E6CCC7B9EEFC}"
EndProject
Project("{FAE04EC0-301F-11D3-BF4B-00C04F79EFBC}") = "Unity.2D.Path.Editor", "Unity.2D.Path.Editor.csproj", "{261A8AA7-8F98-036E-A462-029195F5B34E}"
EndProject
Project("{FAE04EC0-301F-11D3-BF4B-00C04F79EFBC}") = "Unity.Rider.Editor", "Unity.Rider.Editor.csproj", "{69345F9D-2874-6DAF-386A-4EB744CF8679}"
EndProject
Project("{FAE04EC0-301F-11D3-BF4B-00C04F79EFBC}") = "Unity.2D.IK.Editor", "Unity.2D.IK.Editor.csproj", "{F961A09C-22B9-A469-CABE-9C6CA6F8EDAF}"
EndProject
Project("{FAE04EC0-301F-11D3-BF4B-00C04F79EFBC}") = "Unity.2D.Sprite.Editor", "Unity.2D.Sprite.Editor.csproj", "{C3A02A65-6576-266B-12F6-E53DA373614E}"
EndProject
Project("{FAE04EC0-301F-11D3-BF4B-00C04F79EFBC}") = "Unity.2D.Tilemap.Editor", "Unity.2D.Tilemap.Editor.csproj", "{9A64C6C0-894E-10EE-46F5-4D82B0E8A44D}"
EndProject
Project("{FAE04EC0-301F-11D3-BF4B-00C04F79EFBC}") = "Unity.2D.PixelPerfect.Editor", "Unity.2D.PixelPerfect.Editor.csproj", "{37E793F6-7264-D8DF-07BA-B92F9A177A97}"
EndProject
Project("{FAE04EC0-301F-11D3-BF4B-00C04F79EFBC}") = "Unity.VSCode.Editor", "Unity.VSCode.Editor.csproj", "{FB2A2B25-4FE8-313B-0BA4-BD4F0D4C8B62}"
EndProject
Project("{FAE04EC0-301F-11D3-BF4B-00C04F79EFBC}") = "Unity.2D.Common.Editor", "Unity.2D.Common.Editor.csproj", "{18290486-B563-905A-CE38-2E17F9CF3808}"
EndProject
Project("{FAE04EC0-301F-11D3-BF4B-00C04F79EFBC}") = "Unity.Mathematics.Editor", "Unity.Mathematics.Editor.csproj", "{FEB3BD8B-B7A1-AACB-1EC8-D4E6D722678B}"
EndProject
Project("{FAE04EC0-301F-11D3-BF4B-00C04F79EFBC}") = "Unity.InternalAPIEditorBridge.001", "Unity.InternalAPIEditorBridge.001.csproj", "{726FA88D-3A1B-4F2B-CE21-6767F9DF7133}"
EndProject
Project("{FAE04EC0-301F-11D3-BF4B-00C04F79EFBC}") = "UnityEngine.TestRunner", "UnityEngine.TestRunner.Player.csproj", "{DE17EF48-A35F-8CD7-4F40-DAAA48BCC728}"
EndProject
Project("{FAE04EC0-301F-11D3-BF4B-00C04F79EFBC}") = "Unity.Mathematics", "Unity.Mathematics.Player.csproj", "{1891BCD4-104F-D00E-806A-B649F42FD1D9}"
EndProject
Project("{FAE04EC0-301F-11D3-BF4B-00C04F79EFBC}") = "Unity.2D.Animation.Triangle.Runtime", "Unity.2D.Animation.Triangle.Runtime.Player.csproj", "{805F11CF-920A-8D62-DDAC-EE489EECCFCA}"
EndProject
Project("{FAE04EC0-301F-11D3-BF4B-00C04F79EFBC}") = "Unity.Timeline", "Unity.Timeline.Player.csproj", "{94D12BCC-1287-258F-2AD5-9B782FCCB150}"
EndProject
Project("{FAE04EC0-301F-11D3-BF4B-00C04F79EFBC}") = "UnityEngine.UI", "UnityEngine.UI.Player.csproj", "{A04E3DDC-5C36-EE35-1957-1002131378C4}"
EndProject
Project("{FAE04EC0-301F-11D3-BF4B-00C04F79EFBC}") = "Unity.TextMeshPro", "Unity.TextMeshPro.Player.csproj", "{94E90E10-8D93-7BBD-2973-70524E9D1138}"
EndProject
Project("{FAE04EC0-301F-11D3-BF4B-00C04F79EFBC}") = "Assembly-CSharp", "Assembly-CSharp.Player.csproj", "{9D05F2B7-C433-A782-F836-A71613DDC30C}"
EndProject
Project("{FAE04EC0-301F-11D3-BF4B-00C04F79EFBC}") = "Unity.2D.Animation.Runtime", "Unity.2D.Animation.Runtime.Player.csproj", "{34080B25-414C-44C0-D045-A56033FCF5F3}"
EndProject
Project("{FAE04EC0-301F-11D3-BF4B-00C04F79EFBC}") = "Unity.2D.IK.Runtime", "Unity.2D.IK.Runtime.Player.csproj", "{BC48D5D6-2990-AA63-E40A-A4AD0DC41B79}"
EndProject
Project("{FAE04EC0-301F-11D3-BF4B-00C04F79EFBC}") = "Unity.2D.SpriteShape.Runtime", "Unity.2D.SpriteShape.Runtime.Player.csproj", "{8CABC147-DCD8-9641-18CC-4B9698F25919}"
EndProject
Project("{FAE04EC0-301F-11D3-BF4B-00C04F79EFBC}") = "Unity.2D.PixelPerfect", "Unity.2D.PixelPerfect.Player.csproj", "{228D6B17-DC66-9F4E-E52E-71C346160E94}"
EndProject
Project("{FAE04EC0-301F-11D3-BF4B-00C04F79EFBC}") = "Unity.2D.Common.Runtime", "Unity.2D.Common.Runtime.Player.csproj", "{A3EB50E1-0548-102F-9F35-74E0699F29C6}"
EndProject
Project("{FAE04EC0-301F-11D3-BF4B-00C04F79EFBC}") = "Unity.InternalAPIEngineBridge.001", "Unity.InternalAPIEngineBridge.001.Player.csproj", "{5BBA69BE-08F7-362B-4131-D0DFF59DB13F}"
EndProject
Global
	GlobalSection(SolutionConfigurationPlatforms) = preSolution
		Debug|Any CPU = Debug|Any CPU
		Release|Any CPU = Release|Any CPU
	EndGlobalSection
	GlobalSection(ProjectConfigurationPlatforms) = postSolution
		{58AA6987-698D-6D54-46BA-74DD7D7C932D}.Debug|Any CPU.ActiveCfg = Debug|Any CPU
		{58AA6987-698D-6D54-46BA-74DD7D7C932D}.Debug|Any CPU.Build.0 = Debug|Any CPU
		{58AA6987-698D-6D54-46BA-74DD7D7C932D}.Release|Any CPU.ActiveCfg = Release|Any CPU
		{58AA6987-698D-6D54-46BA-74DD7D7C932D}.Release|Any CPU.Build.0 = Release|Any CPU
		{5F2971E6-F258-8244-12C4-EC25248B2B48}.Debug|Any CPU.ActiveCfg = Debug|Any CPU
		{5F2971E6-F258-8244-12C4-EC25248B2B48}.Debug|Any CPU.Build.0 = Debug|Any CPU
		{5F2971E6-F258-8244-12C4-EC25248B2B48}.Release|Any CPU.ActiveCfg = Release|Any CPU
		{5F2971E6-F258-8244-12C4-EC25248B2B48}.Release|Any CPU.Build.0 = Release|Any CPU
		{DE597ECF-93B1-8801-8C91-F8062933DC25}.Debug|Any CPU.ActiveCfg = Debug|Any CPU
		{DE597ECF-93B1-8801-8C91-F8062933DC25}.Debug|Any CPU.Build.0 = Debug|Any CPU
		{DE597ECF-93B1-8801-8C91-F8062933DC25}.Release|Any CPU.ActiveCfg = Release|Any CPU
		{DE597ECF-93B1-8801-8C91-F8062933DC25}.Release|Any CPU.Build.0 = Release|Any CPU
		{A94F0428-07AB-364C-A9F9-DE7EB359250F}.Debug|Any CPU.ActiveCfg = Debug|Any CPU
		{A94F0428-07AB-364C-A9F9-DE7EB359250F}.Debug|Any CPU.Build.0 = Debug|Any CPU
		{A94F0428-07AB-364C-A9F9-DE7EB359250F}.Release|Any CPU.ActiveCfg = Release|Any CPU
		{A94F0428-07AB-364C-A9F9-DE7EB359250F}.Release|Any CPU.Build.0 = Release|Any CPU
		{8CC686A9-B300-1ACD-C88A-5506D48FB250}.Debug|Any CPU.ActiveCfg = Debug|Any CPU
		{8CC686A9-B300-1ACD-C88A-5506D48FB250}.Debug|Any CPU.Build.0 = Debug|Any CPU
		{8CC686A9-B300-1ACD-C88A-5506D48FB250}.Release|Any CPU.ActiveCfg = Release|Any CPU
		{8CC686A9-B300-1ACD-C88A-5506D48FB250}.Release|Any CPU.Build.0 = Release|Any CPU
		{CA848162-FE10-00BA-75FD-AE456F989C76}.Debug|Any CPU.ActiveCfg = Debug|Any CPU
		{CA848162-FE10-00BA-75FD-AE456F989C76}.Debug|Any CPU.Build.0 = Debug|Any CPU
		{CA848162-FE10-00BA-75FD-AE456F989C76}.Release|Any CPU.ActiveCfg = Release|Any CPU
		{CA848162-FE10-00BA-75FD-AE456F989C76}.Release|Any CPU.Build.0 = Release|Any CPU
		{80EE42B0-A51F-9300-C15E-28378AEFEB0A}.Debug|Any CPU.ActiveCfg = Debug|Any CPU
		{80EE42B0-A51F-9300-C15E-28378AEFEB0A}.Debug|Any CPU.Build.0 = Debug|Any CPU
		{80EE42B0-A51F-9300-C15E-28378AEFEB0A}.Release|Any CPU.ActiveCfg = Release|Any CPU
		{80EE42B0-A51F-9300-C15E-28378AEFEB0A}.Release|Any CPU.Build.0 = Release|Any CPU
		{3ABB0535-3671-EF30-D9A3-AF581C45EC01}.Debug|Any CPU.ActiveCfg = Debug|Any CPU
		{3ABB0535-3671-EF30-D9A3-AF581C45EC01}.Debug|Any CPU.Build.0 = Debug|Any CPU
		{3ABB0535-3671-EF30-D9A3-AF581C45EC01}.Release|Any CPU.ActiveCfg = Release|Any CPU
		{3ABB0535-3671-EF30-D9A3-AF581C45EC01}.Release|Any CPU.Build.0 = Release|Any CPU
		{9F7CBEC3-981D-28E6-960E-41539A327C64}.Debug|Any CPU.ActiveCfg = Debug|Any CPU
		{9F7CBEC3-981D-28E6-960E-41539A327C64}.Debug|Any CPU.Build.0 = Debug|Any CPU
		{9F7CBEC3-981D-28E6-960E-41539A327C64}.Release|Any CPU.ActiveCfg = Release|Any CPU
		{9F7CBEC3-981D-28E6-960E-41539A327C64}.Release|Any CPU.Build.0 = Release|Any CPU
		{DD66508F-612C-D0FA-ADBB-50ABB0340139}.Debug|Any CPU.ActiveCfg = Debug|Any CPU
		{DD66508F-612C-D0FA-ADBB-50ABB0340139}.Debug|Any CPU.Build.0 = Debug|Any CPU
		{DD66508F-612C-D0FA-ADBB-50ABB0340139}.Release|Any CPU.ActiveCfg = Release|Any CPU
		{DD66508F-612C-D0FA-ADBB-50ABB0340139}.Release|Any CPU.Build.0 = Release|Any CPU
		{1241DEC0-209C-BC05-D504-FB12F5497B41}.Debug|Any CPU.ActiveCfg = Debug|Any CPU
		{1241DEC0-209C-BC05-D504-FB12F5497B41}.Debug|Any CPU.Build.0 = Debug|Any CPU
		{1241DEC0-209C-BC05-D504-FB12F5497B41}.Release|Any CPU.ActiveCfg = Release|Any CPU
		{1241DEC0-209C-BC05-D504-FB12F5497B41}.Release|Any CPU.Build.0 = Release|Any CPU
		{91CAA83F-4EDF-4BE3-A505-067EE122086C}.Debug|Any CPU.ActiveCfg = Debug|Any CPU
		{91CAA83F-4EDF-4BE3-A505-067EE122086C}.Debug|Any CPU.Build.0 = Debug|Any CPU
		{91CAA83F-4EDF-4BE3-A505-067EE122086C}.Release|Any CPU.ActiveCfg = Release|Any CPU
		{91CAA83F-4EDF-4BE3-A505-067EE122086C}.Release|Any CPU.Build.0 = Release|Any CPU
		{AD815C43-528E-83DB-0908-3F0986BDAD1B}.Debug|Any CPU.ActiveCfg = Debug|Any CPU
		{AD815C43-528E-83DB-0908-3F0986BDAD1B}.Debug|Any CPU.Build.0 = Debug|Any CPU
		{AD815C43-528E-83DB-0908-3F0986BDAD1B}.Release|Any CPU.ActiveCfg = Release|Any CPU
		{AD815C43-528E-83DB-0908-3F0986BDAD1B}.Release|Any CPU.Build.0 = Release|Any CPU
		{34A0C6EC-FCE0-C866-F845-96DC0B5999C5}.Debug|Any CPU.ActiveCfg = Debug|Any CPU
		{34A0C6EC-FCE0-C866-F845-96DC0B5999C5}.Debug|Any CPU.Build.0 = Debug|Any CPU
		{34A0C6EC-FCE0-C866-F845-96DC0B5999C5}.Release|Any CPU.ActiveCfg = Release|Any CPU
		{34A0C6EC-FCE0-C866-F845-96DC0B5999C5}.Release|Any CPU.Build.0 = Release|Any CPU
		{CCB573E9-FC5B-6FC5-895D-168312BC214D}.Debug|Any CPU.ActiveCfg = Debug|Any CPU
		{CCB573E9-FC5B-6FC5-895D-168312BC214D}.Debug|Any CPU.Build.0 = Debug|Any CPU
		{CCB573E9-FC5B-6FC5-895D-168312BC214D}.Release|Any CPU.ActiveCfg = Release|Any CPU
		{CCB573E9-FC5B-6FC5-895D-168312BC214D}.Release|Any CPU.Build.0 = Release|Any CPU
		{390826C6-25E2-59EA-5020-7B766B63B3F6}.Debug|Any CPU.ActiveCfg = Debug|Any CPU
		{390826C6-25E2-59EA-5020-7B766B63B3F6}.Debug|Any CPU.Build.0 = Debug|Any CPU
		{390826C6-25E2-59EA-5020-7B766B63B3F6}.Release|Any CPU.ActiveCfg = Release|Any CPU
		{390826C6-25E2-59EA-5020-7B766B63B3F6}.Release|Any CPU.Build.0 = Release|Any CPU
		{A8868F39-6489-35E0-7BE5-0A579A654163}.Debug|Any CPU.ActiveCfg = Debug|Any CPU
		{A8868F39-6489-35E0-7BE5-0A579A654163}.Debug|Any CPU.Build.0 = Debug|Any CPU
		{A8868F39-6489-35E0-7BE5-0A579A654163}.Release|Any CPU.ActiveCfg = Release|Any CPU
		{A8868F39-6489-35E0-7BE5-0A579A654163}.Release|Any CPU.Build.0 = Release|Any CPU
		{AA8BEB80-12A0-00CD-E523-320362AD50FC}.Debug|Any CPU.ActiveCfg = Debug|Any CPU
		{AA8BEB80-12A0-00CD-E523-320362AD50FC}.Debug|Any CPU.Build.0 = Debug|Any CPU
		{AA8BEB80-12A0-00CD-E523-320362AD50FC}.Release|Any CPU.ActiveCfg = Release|Any CPU
		{AA8BEB80-12A0-00CD-E523-320362AD50FC}.Release|Any CPU.Build.0 = Release|Any CPU
		{FDD08736-D79E-99C6-0AB7-BEB4F2C9CF4C}.Debug|Any CPU.ActiveCfg = Debug|Any CPU
		{FDD08736-D79E-99C6-0AB7-BEB4F2C9CF4C}.Debug|Any CPU.Build.0 = Debug|Any CPU
		{FDD08736-D79E-99C6-0AB7-BEB4F2C9CF4C}.Release|Any CPU.ActiveCfg = Release|Any CPU
		{FDD08736-D79E-99C6-0AB7-BEB4F2C9CF4C}.Release|Any CPU.Build.0 = Release|Any CPU
		{F2B70450-D14C-9105-5285-91DB0A2A451A}.Debug|Any CPU.ActiveCfg = Debug|Any CPU
		{F2B70450-D14C-9105-5285-91DB0A2A451A}.Debug|Any CPU.Build.0 = Debug|Any CPU
		{F2B70450-D14C-9105-5285-91DB0A2A451A}.Release|Any CPU.ActiveCfg = Release|Any CPU
		{F2B70450-D14C-9105-5285-91DB0A2A451A}.Release|Any CPU.Build.0 = Release|Any CPU
		{1443E8B7-B394-05DB-4E58-6974181A805E}.Debug|Any CPU.ActiveCfg = Debug|Any CPU
		{1443E8B7-B394-05DB-4E58-6974181A805E}.Debug|Any CPU.Build.0 = Debug|Any CPU
		{1443E8B7-B394-05DB-4E58-6974181A805E}.Release|Any CPU.ActiveCfg = Release|Any CPU
		{1443E8B7-B394-05DB-4E58-6974181A805E}.Release|Any CPU.Build.0 = Release|Any CPU
		{EE9FE64D-49C4-BD64-ADD9-51D1073F0A6C}.Debug|Any CPU.ActiveCfg = Debug|Any CPU
		{EE9FE64D-49C4-BD64-ADD9-51D1073F0A6C}.Debug|Any CPU.Build.0 = Debug|Any CPU
		{EE9FE64D-49C4-BD64-ADD9-51D1073F0A6C}.Release|Any CPU.ActiveCfg = Release|Any CPU
		{EE9FE64D-49C4-BD64-ADD9-51D1073F0A6C}.Release|Any CPU.Build.0 = Release|Any CPU
		{C2942F63-B904-B41D-1B5B-85F029923B2B}.Debug|Any CPU.ActiveCfg = Debug|Any CPU
		{C2942F63-B904-B41D-1B5B-85F029923B2B}.Debug|Any CPU.Build.0 = Debug|Any CPU
		{C2942F63-B904-B41D-1B5B-85F029923B2B}.Release|Any CPU.ActiveCfg = Release|Any CPU
		{C2942F63-B904-B41D-1B5B-85F029923B2B}.Release|Any CPU.Build.0 = Release|Any CPU
		{0B009EAF-3FAA-7F6E-00F8-A1DB5C460430}.Debug|Any CPU.ActiveCfg = Debug|Any CPU
		{0B009EAF-3FAA-7F6E-00F8-A1DB5C460430}.Debug|Any CPU.Build.0 = Debug|Any CPU
		{0B009EAF-3FAA-7F6E-00F8-A1DB5C460430}.Release|Any CPU.ActiveCfg = Release|Any CPU
		{0B009EAF-3FAA-7F6E-00F8-A1DB5C460430}.Release|Any CPU.Build.0 = Release|Any CPU
		{2A6E2844-8C21-054E-6843-E6CCC7B9EEFC}.Debug|Any CPU.ActiveCfg = Debug|Any CPU
		{2A6E2844-8C21-054E-6843-E6CCC7B9EEFC}.Debug|Any CPU.Build.0 = Debug|Any CPU
		{2A6E2844-8C21-054E-6843-E6CCC7B9EEFC}.Release|Any CPU.ActiveCfg = Release|Any CPU
		{2A6E2844-8C21-054E-6843-E6CCC7B9EEFC}.Release|Any CPU.Build.0 = Release|Any CPU
		{261A8AA7-8F98-036E-A462-029195F5B34E}.Debug|Any CPU.ActiveCfg = Debug|Any CPU
		{261A8AA7-8F98-036E-A462-029195F5B34E}.Debug|Any CPU.Build.0 = Debug|Any CPU
		{261A8AA7-8F98-036E-A462-029195F5B34E}.Release|Any CPU.ActiveCfg = Release|Any CPU
		{261A8AA7-8F98-036E-A462-029195F5B34E}.Release|Any CPU.Build.0 = Release|Any CPU
		{69345F9D-2874-6DAF-386A-4EB744CF8679}.Debug|Any CPU.ActiveCfg = Debug|Any CPU
		{69345F9D-2874-6DAF-386A-4EB744CF8679}.Debug|Any CPU.Build.0 = Debug|Any CPU
		{69345F9D-2874-6DAF-386A-4EB744CF8679}.Release|Any CPU.ActiveCfg = Release|Any CPU
		{69345F9D-2874-6DAF-386A-4EB744CF8679}.Release|Any CPU.Build.0 = Release|Any CPU
		{F961A09C-22B9-A469-CABE-9C6CA6F8EDAF}.Debug|Any CPU.ActiveCfg = Debug|Any CPU
		{F961A09C-22B9-A469-CABE-9C6CA6F8EDAF}.Debug|Any CPU.Build.0 = Debug|Any CPU
		{F961A09C-22B9-A469-CABE-9C6CA6F8EDAF}.Release|Any CPU.ActiveCfg = Release|Any CPU
		{F961A09C-22B9-A469-CABE-9C6CA6F8EDAF}.Release|Any CPU.Build.0 = Release|Any CPU
		{C3A02A65-6576-266B-12F6-E53DA373614E}.Debug|Any CPU.ActiveCfg = Debug|Any CPU
		{C3A02A65-6576-266B-12F6-E53DA373614E}.Debug|Any CPU.Build.0 = Debug|Any CPU
		{C3A02A65-6576-266B-12F6-E53DA373614E}.Release|Any CPU.ActiveCfg = Release|Any CPU
		{C3A02A65-6576-266B-12F6-E53DA373614E}.Release|Any CPU.Build.0 = Release|Any CPU
		{9A64C6C0-894E-10EE-46F5-4D82B0E8A44D}.Debug|Any CPU.ActiveCfg = Debug|Any CPU
		{9A64C6C0-894E-10EE-46F5-4D82B0E8A44D}.Debug|Any CPU.Build.0 = Debug|Any CPU
		{9A64C6C0-894E-10EE-46F5-4D82B0E8A44D}.Release|Any CPU.ActiveCfg = Release|Any CPU
		{9A64C6C0-894E-10EE-46F5-4D82B0E8A44D}.Release|Any CPU.Build.0 = Release|Any CPU
		{37E793F6-7264-D8DF-07BA-B92F9A177A97}.Debug|Any CPU.ActiveCfg = Debug|Any CPU
		{37E793F6-7264-D8DF-07BA-B92F9A177A97}.Debug|Any CPU.Build.0 = Debug|Any CPU
		{37E793F6-7264-D8DF-07BA-B92F9A177A97}.Release|Any CPU.ActiveCfg = Release|Any CPU
		{37E793F6-7264-D8DF-07BA-B92F9A177A97}.Release|Any CPU.Build.0 = Release|Any CPU
		{FB2A2B25-4FE8-313B-0BA4-BD4F0D4C8B62}.Debug|Any CPU.ActiveCfg = Debug|Any CPU
		{FB2A2B25-4FE8-313B-0BA4-BD4F0D4C8B62}.Debug|Any CPU.Build.0 = Debug|Any CPU
		{FB2A2B25-4FE8-313B-0BA4-BD4F0D4C8B62}.Release|Any CPU.ActiveCfg = Release|Any CPU
		{FB2A2B25-4FE8-313B-0BA4-BD4F0D4C8B62}.Release|Any CPU.Build.0 = Release|Any CPU
		{18290486-B563-905A-CE38-2E17F9CF3808}.Debug|Any CPU.ActiveCfg = Debug|Any CPU
		{18290486-B563-905A-CE38-2E17F9CF3808}.Debug|Any CPU.Build.0 = Debug|Any CPU
		{18290486-B563-905A-CE38-2E17F9CF3808}.Release|Any CPU.ActiveCfg = Release|Any CPU
		{18290486-B563-905A-CE38-2E17F9CF3808}.Release|Any CPU.Build.0 = Release|Any CPU
		{FEB3BD8B-B7A1-AACB-1EC8-D4E6D722678B}.Debug|Any CPU.ActiveCfg = Debug|Any CPU
		{FEB3BD8B-B7A1-AACB-1EC8-D4E6D722678B}.Debug|Any CPU.Build.0 = Debug|Any CPU
		{FEB3BD8B-B7A1-AACB-1EC8-D4E6D722678B}.Release|Any CPU.ActiveCfg = Release|Any CPU
		{FEB3BD8B-B7A1-AACB-1EC8-D4E6D722678B}.Release|Any CPU.Build.0 = Release|Any CPU
		{726FA88D-3A1B-4F2B-CE21-6767F9DF7133}.Debug|Any CPU.ActiveCfg = Debug|Any CPU
		{726FA88D-3A1B-4F2B-CE21-6767F9DF7133}.Debug|Any CPU.Build.0 = Debug|Any CPU
		{726FA88D-3A1B-4F2B-CE21-6767F9DF7133}.Release|Any CPU.ActiveCfg = Release|Any CPU
		{726FA88D-3A1B-4F2B-CE21-6767F9DF7133}.Release|Any CPU.Build.0 = Release|Any CPU
		{DE17EF48-A35F-8CD7-4F40-DAAA48BCC728}.Debug|Any CPU.ActiveCfg = Debug|Any CPU
		{DE17EF48-A35F-8CD7-4F40-DAAA48BCC728}.Debug|Any CPU.Build.0 = Debug|Any CPU
		{DE17EF48-A35F-8CD7-4F40-DAAA48BCC728}.Release|Any CPU.ActiveCfg = Release|Any CPU
		{DE17EF48-A35F-8CD7-4F40-DAAA48BCC728}.Release|Any CPU.Build.0 = Release|Any CPU
		{1891BCD4-104F-D00E-806A-B649F42FD1D9}.Debug|Any CPU.ActiveCfg = Debug|Any CPU
		{1891BCD4-104F-D00E-806A-B649F42FD1D9}.Debug|Any CPU.Build.0 = Debug|Any CPU
		{1891BCD4-104F-D00E-806A-B649F42FD1D9}.Release|Any CPU.ActiveCfg = Release|Any CPU
		{1891BCD4-104F-D00E-806A-B649F42FD1D9}.Release|Any CPU.Build.0 = Release|Any CPU
		{805F11CF-920A-8D62-DDAC-EE489EECCFCA}.Debug|Any CPU.ActiveCfg = Debug|Any CPU
		{805F11CF-920A-8D62-DDAC-EE489EECCFCA}.Debug|Any CPU.Build.0 = Debug|Any CPU
		{805F11CF-920A-8D62-DDAC-EE489EECCFCA}.Release|Any CPU.ActiveCfg = Release|Any CPU
		{805F11CF-920A-8D62-DDAC-EE489EECCFCA}.Release|Any CPU.Build.0 = Release|Any CPU
		{94D12BCC-1287-258F-2AD5-9B782FCCB150}.Debug|Any CPU.ActiveCfg = Debug|Any CPU
		{94D12BCC-1287-258F-2AD5-9B782FCCB150}.Debug|Any CPU.Build.0 = Debug|Any CPU
		{94D12BCC-1287-258F-2AD5-9B782FCCB150}.Release|Any CPU.ActiveCfg = Release|Any CPU
		{94D12BCC-1287-258F-2AD5-9B782FCCB150}.Release|Any CPU.Build.0 = Release|Any CPU
		{A04E3DDC-5C36-EE35-1957-1002131378C4}.Debug|Any CPU.ActiveCfg = Debug|Any CPU
		{A04E3DDC-5C36-EE35-1957-1002131378C4}.Debug|Any CPU.Build.0 = Debug|Any CPU
		{A04E3DDC-5C36-EE35-1957-1002131378C4}.Release|Any CPU.ActiveCfg = Release|Any CPU
		{A04E3DDC-5C36-EE35-1957-1002131378C4}.Release|Any CPU.Build.0 = Release|Any CPU
		{94E90E10-8D93-7BBD-2973-70524E9D1138}.Debug|Any CPU.ActiveCfg = Debug|Any CPU
		{94E90E10-8D93-7BBD-2973-70524E9D1138}.Debug|Any CPU.Build.0 = Debug|Any CPU
		{94E90E10-8D93-7BBD-2973-70524E9D1138}.Release|Any CPU.ActiveCfg = Release|Any CPU
		{94E90E10-8D93-7BBD-2973-70524E9D1138}.Release|Any CPU.Build.0 = Release|Any CPU
		{9D05F2B7-C433-A782-F836-A71613DDC30C}.Debug|Any CPU.ActiveCfg = Debug|Any CPU
		{9D05F2B7-C433-A782-F836-A71613DDC30C}.Debug|Any CPU.Build.0 = Debug|Any CPU
		{9D05F2B7-C433-A782-F836-A71613DDC30C}.Release|Any CPU.ActiveCfg = Release|Any CPU
		{9D05F2B7-C433-A782-F836-A71613DDC30C}.Release|Any CPU.Build.0 = Release|Any CPU
		{34080B25-414C-44C0-D045-A56033FCF5F3}.Debug|Any CPU.ActiveCfg = Debug|Any CPU
		{34080B25-414C-44C0-D045-A56033FCF5F3}.Debug|Any CPU.Build.0 = Debug|Any CPU
		{34080B25-414C-44C0-D045-A56033FCF5F3}.Release|Any CPU.ActiveCfg = Release|Any CPU
		{34080B25-414C-44C0-D045-A56033FCF5F3}.Release|Any CPU.Build.0 = Release|Any CPU
		{BC48D5D6-2990-AA63-E40A-A4AD0DC41B79}.Debug|Any CPU.ActiveCfg = Debug|Any CPU
		{BC48D5D6-2990-AA63-E40A-A4AD0DC41B79}.Debug|Any CPU.Build.0 = Debug|Any CPU
		{BC48D5D6-2990-AA63-E40A-A4AD0DC41B79}.Release|Any CPU.ActiveCfg = Release|Any CPU
		{BC48D5D6-2990-AA63-E40A-A4AD0DC41B79}.Release|Any CPU.Build.0 = Release|Any CPU
		{8CABC147-DCD8-9641-18CC-4B9698F25919}.Debug|Any CPU.ActiveCfg = Debug|Any CPU
		{8CABC147-DCD8-9641-18CC-4B9698F25919}.Debug|Any CPU.Build.0 = Debug|Any CPU
		{8CABC147-DCD8-9641-18CC-4B9698F25919}.Release|Any CPU.ActiveCfg = Release|Any CPU
		{8CABC147-DCD8-9641-18CC-4B9698F25919}.Release|Any CPU.Build.0 = Release|Any CPU
		{228D6B17-DC66-9F4E-E52E-71C346160E94}.Debug|Any CPU.ActiveCfg = Debug|Any CPU
		{228D6B17-DC66-9F4E-E52E-71C346160E94}.Debug|Any CPU.Build.0 = Debug|Any CPU
		{228D6B17-DC66-9F4E-E52E-71C346160E94}.Release|Any CPU.ActiveCfg = Release|Any CPU
		{228D6B17-DC66-9F4E-E52E-71C346160E94}.Release|Any CPU.Build.0 = Release|Any CPU
		{A3EB50E1-0548-102F-9F35-74E0699F29C6}.Debug|Any CPU.ActiveCfg = Debug|Any CPU
		{A3EB50E1-0548-102F-9F35-74E0699F29C6}.Debug|Any CPU.Build.0 = Debug|Any CPU
		{A3EB50E1-0548-102F-9F35-74E0699F29C6}.Release|Any CPU.ActiveCfg = Release|Any CPU
		{A3EB50E1-0548-102F-9F35-74E0699F29C6}.Release|Any CPU.Build.0 = Release|Any CPU
		{5BBA69BE-08F7-362B-4131-D0DFF59DB13F}.Debug|Any CPU.ActiveCfg = Debug|Any CPU
		{5BBA69BE-08F7-362B-4131-D0DFF59DB13F}.Debug|Any CPU.Build.0 = Debug|Any CPU
		{5BBA69BE-08F7-362B-4131-D0DFF59DB13F}.Release|Any CPU.ActiveCfg = Release|Any CPU
		{5BBA69BE-08F7-362B-4131-D0DFF59DB13F}.Release|Any CPU.Build.0 = Release|Any CPU
	EndGlobalSection
	GlobalSection(SolutionProperties) = preSolution
		HideSolutionNode = FALSE
	EndGlobalSection
EndGlobal
